
Microsoft Visual Studio Solution File, Format Version 12.00
# Visual Studio 2013
VisualStudioVersion = 12.0.31101.0
MinimumVisualStudioVersion = 10.0.40219.1
Project("{FAE04EC0-301F-11D3-BF4B-00C04F79EFBC}") = "NumberRecognizer.Lib", "NumberRecognizer.Lib\NumberRecognizer.Lib.csproj", "{F32D5FD5-757D-461E-B825-44D47B357A60}"
EndProject
Project("{2150E333-8FDC-42A3-9474-1A3956D46DE8}") = "Apps", "Apps", "{A87BC855-C41E-43F9-9A89-8EF3C8BB938D}"
EndProject
Project("{2150E333-8FDC-42A3-9474-1A3956D46DE8}") = "Cloud", "Cloud", "{D4C723FC-550D-4777-8559-165FFC379049}"
EndProject
Project("{2150E333-8FDC-42A3-9474-1A3956D46DE8}") = "FH-Vorlage", "FH-Vorlage", "{969730AA-C677-4112-9893-CA1C1A4E8895}"
EndProject
Project("{FAE04EC0-301F-11D3-BF4B-00C04F79EFBC}") = "CharacterRecognition", "CharacterRecognition\CharacterRecognition.csproj", "{C604A732-A85B-456C-9FB5-201A3AAADCF9}"
EndProject
Project("{FAE04EC0-301F-11D3-BF4B-00C04F79EFBC}") = "OcrTestApp (Lokal)", "OcrTestApp\OcrTestApp (Lokal).csproj", "{F5CB89FB-337B-4F42-AAD5-A9DF8FED1E4D}"
EndProject
Project("{FAE04EC0-301F-11D3-BF4B-00C04F79EFBC}") = "NumberRecognizer.Cloud.Contract", "NumberRecognizer.Cloud.Contract\NumberRecognizer.Cloud.Contract.csproj", "{75663FB2-975A-4D29-816B-5750E61891DC}"
EndProject
Project("{CC5FD16D-436D-48AD-A40C-5A424C6E3E79}") = "NumberRecognizer.Cloud", "NumberRecognizer.Cloud\NumberRecognizer.Cloud.ccproj", "{8A392933-8119-4F02-80FA-CFAFD9F155D2}"
EndProject
Project("{FAE04EC0-301F-11D3-BF4B-00C04F79EFBC}") = "NumberRecognizer.Cloud.Service", "NumberRecognizer.Cloud.Service\NumberRecognizer.Cloud.Service.csproj", "{A7FEC5EA-31D4-45E8-9C3A-3F461AFD9279}"
EndProject
Project("{FAE04EC0-301F-11D3-BF4B-00C04F79EFBC}") = "NumberRecognizer.Cloud.Worker", "NumberRecognizer.Cloud.Worker\NumberRecognizer.Cloud.Worker.csproj", "{A30B1F52-719D-4F66-BB4A-0D0E38002EC9}"
EndProject
Project("{FAE04EC0-301F-11D3-BF4B-00C04F79EFBC}") = "NumberRecognizer.Cloud.Data", "NumberRecognizerCloud.Data\NumberRecognizer.Cloud.Data.csproj", "{20EBD715-2C6F-4FDD-BA01-AC22803BAE0F}"
EndProject
Project("{2150E333-8FDC-42A3-9474-1A3956D46DE8}") = "Lib", "Lib", "{E025DEED-3EEF-4F0B-BB37-AC445F1326D9}"
EndProject
Project("{FAE04EC0-301F-11D3-BF4B-00C04F79EFBC}") = "NumberRecognizer.App", "NumberRecognizer.App\NumberRecognizer.App.csproj", "{D7A7A48F-2A13-4CA4-A11D-B06EB30B4439}"
EndProject
Project("{FAE04EC0-301F-11D3-BF4B-00C04F79EFBC}") = "NumberRecognition.Labeling", "NumberRecognizer.Labeling\NumberRecognition.Labeling.csproj", "{73DAB28E-EC91-469B-904E-9EC8123D155F}"
EndProject
Global
	GlobalSection(TeamFoundationVersionControl) = preSolution
		SccNumberOfProjects = 11
		SccEnterpriseProvider = {4CA58AB2-18FA-4F8D-95D4-32DDF27D184C}
		SccTeamFoundationServer = https://hauersoftwarenet.visualstudio.com/defaultcollection
		SccLocalPath0 = .
		SccProjectUniqueName1 = CharacterRecognition\\CharacterRecognition.csproj
		SccProjectTopLevelParentUniqueName1 = NumberRecognizer.sln
		SccProjectName1 = CharacterRecognition
		SccLocalPath1 = CharacterRecognition
		SccProjectUniqueName2 = NumberRecognizer.Cloud.Contract\\NumberRecognizer.Cloud.Contract.csproj
		SccProjectTopLevelParentUniqueName2 = NumberRecognizer.sln
		SccProjectName2 = NumberRecognizer.Cloud.Contract
		SccLocalPath2 = NumberRecognizer.Cloud.Contract
		SccProjectUniqueName3 = NumberRecognizer.Lib\\NumberRecognizer.Lib.csproj
		SccProjectTopLevelParentUniqueName3 = NumberRecognizer.sln
		SccProjectName3 = NumberRecognizer.Lib
		SccLocalPath3 = NumberRecognizer.Lib
		SccProjectUniqueName4 = NumberRecognizer.Cloud\\NumberRecognizer.Cloud.ccproj
		SccProjectTopLevelParentUniqueName4 = NumberRecognizer.sln
		SccProjectName4 = NumberRecognizer.Cloud
		SccLocalPath4 = NumberRecognizer.Cloud
		SccProjectUniqueName5 = NumberRecognizer.Cloud.Service\\NumberRecognizer.Cloud.Service.csproj
		SccProjectTopLevelParentUniqueName5 = NumberRecognizer.sln
		SccProjectName5 = NumberRecognizer.Cloud.Service
		SccLocalPath5 = NumberRecognizer.Cloud.Service
		SccProjectUniqueName6 = NumberRecognizer.Cloud.Worker\\NumberRecognizer.Cloud.Worker.csproj
		SccProjectTopLevelParentUniqueName6 = NumberRecognizer.sln
		SccProjectName6 = NumberRecognizer.Cloud.Worker
		SccLocalPath6 = NumberRecognizer.Cloud.Worker
		SccProjectUniqueName7 = NumberRecognizerCloud.Data\\NumberRecognizer.Cloud.Data.csproj
		SccProjectTopLevelParentUniqueName7 = NumberRecognizer.sln
		SccProjectName7 = NumberRecognizerCloud.Data
		SccLocalPath7 = NumberRecognizerCloud.Data
		SccProjectUniqueName8 = OcrTestApp\\OcrTestApp\u0020(Lokal).csproj
		SccProjectTopLevelParentUniqueName8 = NumberRecognizer.sln
		SccProjectName8 = OcrTestApp
		SccLocalPath8 = OcrTestApp
		SccProjectUniqueName9 = NumberRecognizer.App\\NumberRecognizer.App.csproj
		SccProjectTopLevelParentUniqueName9 = NumberRecognizer.sln
		SccProjectName9 = NumberRecognizer.App
		SccLocalPath9 = NumberRecognizer.App
		SccProjectUniqueName10 = NumberRecognizer.Labeling\\NumberRecognition.Labeling.csproj
		SccProjectTopLevelParentUniqueName10 = NumberRecognizer.sln
		SccProjectName10 = NumberRecognizer.Labeling
		SccLocalPath10 = NumberRecognizer.Labeling
	EndGlobalSection
	GlobalSection(SolutionConfigurationPlatforms) = preSolution
		Debug|Any CPU = Debug|Any CPU
		Debug|ARM = Debug|ARM
		Debug|x64 = Debug|x64
		Debug|x86 = Debug|x86
		Release|Any CPU = Release|Any CPU
		Release|ARM = Release|ARM
		Release|x64 = Release|x64
		Release|x86 = Release|x86
	EndGlobalSection
	GlobalSection(ProjectConfigurationPlatforms) = postSolution
		{F32D5FD5-757D-461E-B825-44D47B357A60}.Debug|Any CPU.ActiveCfg = Debug|Any CPU
		{F32D5FD5-757D-461E-B825-44D47B357A60}.Debug|Any CPU.Build.0 = Debug|Any CPU
		{F32D5FD5-757D-461E-B825-44D47B357A60}.Debug|ARM.ActiveCfg = Debug|Any CPU
		{F32D5FD5-757D-461E-B825-44D47B357A60}.Debug|x64.ActiveCfg = Debug|Any CPU
		{F32D5FD5-757D-461E-B825-44D47B357A60}.Debug|x86.ActiveCfg = Debug|Any CPU
		{F32D5FD5-757D-461E-B825-44D47B357A60}.Release|Any CPU.ActiveCfg = Release|Any CPU
		{F32D5FD5-757D-461E-B825-44D47B357A60}.Release|Any CPU.Build.0 = Release|Any CPU
		{F32D5FD5-757D-461E-B825-44D47B357A60}.Release|ARM.ActiveCfg = Release|Any CPU
		{F32D5FD5-757D-461E-B825-44D47B357A60}.Release|x64.ActiveCfg = Release|Any CPU
		{F32D5FD5-757D-461E-B825-44D47B357A60}.Release|x86.ActiveCfg = Release|Any CPU
		{C604A732-A85B-456C-9FB5-201A3AAADCF9}.Debug|Any CPU.ActiveCfg = Debug|Any CPU
		{C604A732-A85B-456C-9FB5-201A3AAADCF9}.Debug|Any CPU.Build.0 = Debug|Any CPU
		{C604A732-A85B-456C-9FB5-201A3AAADCF9}.Debug|ARM.ActiveCfg = Debug|Any CPU
		{C604A732-A85B-456C-9FB5-201A3AAADCF9}.Debug|x64.ActiveCfg = Debug|Any CPU
		{C604A732-A85B-456C-9FB5-201A3AAADCF9}.Debug|x86.ActiveCfg = Debug|Any CPU
		{C604A732-A85B-456C-9FB5-201A3AAADCF9}.Release|Any CPU.ActiveCfg = Release|Any CPU
		{C604A732-A85B-456C-9FB5-201A3AAADCF9}.Release|Any CPU.Build.0 = Release|Any CPU
		{C604A732-A85B-456C-9FB5-201A3AAADCF9}.Release|ARM.ActiveCfg = Release|Any CPU
		{C604A732-A85B-456C-9FB5-201A3AAADCF9}.Release|x64.ActiveCfg = Release|Any CPU
		{C604A732-A85B-456C-9FB5-201A3AAADCF9}.Release|x86.ActiveCfg = Release|Any CPU
		{F5CB89FB-337B-4F42-AAD5-A9DF8FED1E4D}.Debug|Any CPU.ActiveCfg = Debug|Any CPU
		{F5CB89FB-337B-4F42-AAD5-A9DF8FED1E4D}.Debug|Any CPU.Build.0 = Debug|Any CPU
		{F5CB89FB-337B-4F42-AAD5-A9DF8FED1E4D}.Debug|ARM.ActiveCfg = Debug|Any CPU
		{F5CB89FB-337B-4F42-AAD5-A9DF8FED1E4D}.Debug|x64.ActiveCfg = Debug|Any CPU
		{F5CB89FB-337B-4F42-AAD5-A9DF8FED1E4D}.Debug|x86.ActiveCfg = Debug|Any CPU
		{F5CB89FB-337B-4F42-AAD5-A9DF8FED1E4D}.Release|Any CPU.ActiveCfg = Release|Any CPU
		{F5CB89FB-337B-4F42-AAD5-A9DF8FED1E4D}.Release|Any CPU.Build.0 = Release|Any CPU
		{F5CB89FB-337B-4F42-AAD5-A9DF8FED1E4D}.Release|ARM.ActiveCfg = Release|Any CPU
		{F5CB89FB-337B-4F42-AAD5-A9DF8FED1E4D}.Release|x64.ActiveCfg = Release|Any CPU
		{F5CB89FB-337B-4F42-AAD5-A9DF8FED1E4D}.Release|x86.ActiveCfg = Release|Any CPU
		{75663FB2-975A-4D29-816B-5750E61891DC}.Debug|Any CPU.ActiveCfg = Debug|Any CPU
		{75663FB2-975A-4D29-816B-5750E61891DC}.Debug|Any CPU.Build.0 = Debug|Any CPU
		{75663FB2-975A-4D29-816B-5750E61891DC}.Debug|ARM.ActiveCfg = Debug|Any CPU
		{75663FB2-975A-4D29-816B-5750E61891DC}.Debug|x64.ActiveCfg = Debug|Any CPU
		{75663FB2-975A-4D29-816B-5750E61891DC}.Debug|x86.ActiveCfg = Debug|Any CPU
		{75663FB2-975A-4D29-816B-5750E61891DC}.Release|Any CPU.ActiveCfg = Release|Any CPU
		{75663FB2-975A-4D29-816B-5750E61891DC}.Release|Any CPU.Build.0 = Release|Any CPU
		{75663FB2-975A-4D29-816B-5750E61891DC}.Release|ARM.ActiveCfg = Release|Any CPU
		{75663FB2-975A-4D29-816B-5750E61891DC}.Release|x64.ActiveCfg = Release|Any CPU
		{75663FB2-975A-4D29-816B-5750E61891DC}.Release|x86.ActiveCfg = Release|Any CPU
		{8A392933-8119-4F02-80FA-CFAFD9F155D2}.Debug|Any CPU.ActiveCfg = Debug|Any CPU
		{8A392933-8119-4F02-80FA-CFAFD9F155D2}.Debug|Any CPU.Build.0 = Debug|Any CPU
		{8A392933-8119-4F02-80FA-CFAFD9F155D2}.Debug|ARM.ActiveCfg = Debug|Any CPU
		{8A392933-8119-4F02-80FA-CFAFD9F155D2}.Debug|x64.ActiveCfg = Debug|Any CPU
		{8A392933-8119-4F02-80FA-CFAFD9F155D2}.Debug|x86.ActiveCfg = Debug|Any CPU
		{8A392933-8119-4F02-80FA-CFAFD9F155D2}.Release|Any CPU.ActiveCfg = Release|Any CPU
		{8A392933-8119-4F02-80FA-CFAFD9F155D2}.Release|Any CPU.Build.0 = Release|Any CPU
		{8A392933-8119-4F02-80FA-CFAFD9F155D2}.Release|ARM.ActiveCfg = Release|Any CPU
		{8A392933-8119-4F02-80FA-CFAFD9F155D2}.Release|x64.ActiveCfg = Release|Any CPU
		{8A392933-8119-4F02-80FA-CFAFD9F155D2}.Release|x86.ActiveCfg = Release|Any CPU
		{A7FEC5EA-31D4-45E8-9C3A-3F461AFD9279}.Debug|Any CPU.ActiveCfg = Debug|Any CPU
		{A7FEC5EA-31D4-45E8-9C3A-3F461AFD9279}.Debug|Any CPU.Build.0 = Debug|Any CPU
		{A7FEC5EA-31D4-45E8-9C3A-3F461AFD9279}.Debug|ARM.ActiveCfg = Debug|Any CPU
		{A7FEC5EA-31D4-45E8-9C3A-3F461AFD9279}.Debug|x64.ActiveCfg = Debug|Any CPU
		{A7FEC5EA-31D4-45E8-9C3A-3F461AFD9279}.Debug|x86.ActiveCfg = Debug|Any CPU
		{A7FEC5EA-31D4-45E8-9C3A-3F461AFD9279}.Release|Any CPU.ActiveCfg = Release|Any CPU
		{A7FEC5EA-31D4-45E8-9C3A-3F461AFD9279}.Release|Any CPU.Build.0 = Release|Any CPU
		{A7FEC5EA-31D4-45E8-9C3A-3F461AFD9279}.Release|ARM.ActiveCfg = Release|Any CPU
		{A7FEC5EA-31D4-45E8-9C3A-3F461AFD9279}.Release|x64.ActiveCfg = Release|Any CPU
		{A7FEC5EA-31D4-45E8-9C3A-3F461AFD9279}.Release|x86.ActiveCfg = Release|Any CPU
		{A30B1F52-719D-4F66-BB4A-0D0E38002EC9}.Debug|Any CPU.ActiveCfg = Debug|Any CPU
		{A30B1F52-719D-4F66-BB4A-0D0E38002EC9}.Debug|Any CPU.Build.0 = Debug|Any CPU
		{A30B1F52-719D-4F66-BB4A-0D0E38002EC9}.Debug|ARM.ActiveCfg = Debug|Any CPU
		{A30B1F52-719D-4F66-BB4A-0D0E38002EC9}.Debug|x64.ActiveCfg = Debug|Any CPU
		{A30B1F52-719D-4F66-BB4A-0D0E38002EC9}.Debug|x86.ActiveCfg = Debug|Any CPU
		{A30B1F52-719D-4F66-BB4A-0D0E38002EC9}.Release|Any CPU.ActiveCfg = Release|Any CPU
		{A30B1F52-719D-4F66-BB4A-0D0E38002EC9}.Release|Any CPU.Build.0 = Release|Any CPU
		{A30B1F52-719D-4F66-BB4A-0D0E38002EC9}.Release|ARM.ActiveCfg = Release|Any CPU
		{A30B1F52-719D-4F66-BB4A-0D0E38002EC9}.Release|x64.ActiveCfg = Release|Any CPU
		{A30B1F52-719D-4F66-BB4A-0D0E38002EC9}.Release|x86.ActiveCfg = Release|Any CPU
		{20EBD715-2C6F-4FDD-BA01-AC22803BAE0F}.Debug|Any CPU.ActiveCfg = Debug|Any CPU
		{20EBD715-2C6F-4FDD-BA01-AC22803BAE0F}.Debug|Any CPU.Build.0 = Debug|Any CPU
		{20EBD715-2C6F-4FDD-BA01-AC22803BAE0F}.Debug|ARM.ActiveCfg = Debug|Any CPU
		{20EBD715-2C6F-4FDD-BA01-AC22803BAE0F}.Debug|x64.ActiveCfg = Debug|Any CPU
		{20EBD715-2C6F-4FDD-BA01-AC22803BAE0F}.Debug|x86.ActiveCfg = Debug|Any CPU
		{20EBD715-2C6F-4FDD-BA01-AC22803BAE0F}.Release|Any CPU.ActiveCfg = Release|Any CPU
		{20EBD715-2C6F-4FDD-BA01-AC22803BAE0F}.Release|Any CPU.Build.0 = Release|Any CPU
		{20EBD715-2C6F-4FDD-BA01-AC22803BAE0F}.Release|ARM.ActiveCfg = Release|Any CPU
		{20EBD715-2C6F-4FDD-BA01-AC22803BAE0F}.Release|x64.ActiveCfg = Release|Any CPU
		{20EBD715-2C6F-4FDD-BA01-AC22803BAE0F}.Release|x86.ActiveCfg = Release|Any CPU
		{D7A7A48F-2A13-4CA4-A11D-B06EB30B4439}.Debug|Any CPU.ActiveCfg = Debug|Any CPU
		{D7A7A48F-2A13-4CA4-A11D-B06EB30B4439}.Debug|Any CPU.Build.0 = Debug|Any CPU
		{D7A7A48F-2A13-4CA4-A11D-B06EB30B4439}.Debug|Any CPU.Deploy.0 = Debug|Any CPU
		{D7A7A48F-2A13-4CA4-A11D-B06EB30B4439}.Debug|ARM.ActiveCfg = Debug|ARM
		{D7A7A48F-2A13-4CA4-A11D-B06EB30B4439}.Debug|ARM.Build.0 = Debug|ARM
		{D7A7A48F-2A13-4CA4-A11D-B06EB30B4439}.Debug|ARM.Deploy.0 = Debug|ARM
		{D7A7A48F-2A13-4CA4-A11D-B06EB30B4439}.Debug|x64.ActiveCfg = Debug|x64
		{D7A7A48F-2A13-4CA4-A11D-B06EB30B4439}.Debug|x64.Build.0 = Debug|x64
		{D7A7A48F-2A13-4CA4-A11D-B06EB30B4439}.Debug|x64.Deploy.0 = Debug|x64
		{D7A7A48F-2A13-4CA4-A11D-B06EB30B4439}.Debug|x86.ActiveCfg = Debug|x86
		{D7A7A48F-2A13-4CA4-A11D-B06EB30B4439}.Debug|x86.Build.0 = Debug|x86
		{D7A7A48F-2A13-4CA4-A11D-B06EB30B4439}.Debug|x86.Deploy.0 = Debug|x86
		{D7A7A48F-2A13-4CA4-A11D-B06EB30B4439}.Release|Any CPU.ActiveCfg = Release|Any CPU
		{D7A7A48F-2A13-4CA4-A11D-B06EB30B4439}.Release|Any CPU.Build.0 = Release|Any CPU
		{D7A7A48F-2A13-4CA4-A11D-B06EB30B4439}.Release|Any CPU.Deploy.0 = Release|Any CPU
		{D7A7A48F-2A13-4CA4-A11D-B06EB30B4439}.Release|ARM.ActiveCfg = Release|ARM
		{D7A7A48F-2A13-4CA4-A11D-B06EB30B4439}.Release|ARM.Build.0 = Release|ARM
		{D7A7A48F-2A13-4CA4-A11D-B06EB30B4439}.Release|ARM.Deploy.0 = Release|ARM
		{D7A7A48F-2A13-4CA4-A11D-B06EB30B4439}.Release|x64.ActiveCfg = Release|x64
		{D7A7A48F-2A13-4CA4-A11D-B06EB30B4439}.Release|x64.Build.0 = Release|x64
		{D7A7A48F-2A13-4CA4-A11D-B06EB30B4439}.Release|x64.Deploy.0 = Release|x64
		{D7A7A48F-2A13-4CA4-A11D-B06EB30B4439}.Release|x86.ActiveCfg = Release|x86
		{D7A7A48F-2A13-4CA4-A11D-B06EB30B4439}.Release|x86.Build.0 = Release|x86
		{D7A7A48F-2A13-4CA4-A11D-B06EB30B4439}.Release|x86.Deploy.0 = Release|x86
		{73DAB28E-EC91-469B-904E-9EC8123D155F}.Debug|Any CPU.ActiveCfg = Debug|Any CPU
		{73DAB28E-EC91-469B-904E-9EC8123D155F}.Debug|Any CPU.Build.0 = Debug|Any CPU
		{73DAB28E-EC91-469B-904E-9EC8123D155F}.Debug|ARM.ActiveCfg = Debug|Any CPU
		{73DAB28E-EC91-469B-904E-9EC8123D155F}.Debug|x64.ActiveCfg = Debug|Any CPU
		{73DAB28E-EC91-469B-904E-9EC8123D155F}.Debug|x86.ActiveCfg = Debug|Any CPU
		{73DAB28E-EC91-469B-904E-9EC8123D155F}.Release|Any CPU.ActiveCfg = Release|Any CPU
		{73DAB28E-EC91-469B-904E-9EC8123D155F}.Release|Any CPU.Build.0 = Release|Any CPU
		{73DAB28E-EC91-469B-904E-9EC8123D155F}.Release|ARM.ActiveCfg = Release|Any CPU
		{73DAB28E-EC91-469B-904E-9EC8123D155F}.Release|x64.ActiveCfg = Release|Any CPU
		{73DAB28E-EC91-469B-904E-9EC8123D155F}.Release|x86.ActiveCfg = Release|Any CPU
	EndGlobalSection
	GlobalSection(SolutionProperties) = preSolution
		HideSolutionNode = FALSE
	EndGlobalSection
	GlobalSection(NestedProjects) = preSolution
		{F32D5FD5-757D-461E-B825-44D47B357A60} = {E025DEED-3EEF-4F0B-BB37-AC445F1326D9}
		{969730AA-C677-4112-9893-CA1C1A4E8895} = {A87BC855-C41E-43F9-9A89-8EF3C8BB938D}
		{C604A732-A85B-456C-9FB5-201A3AAADCF9} = {969730AA-C677-4112-9893-CA1C1A4E8895}
		{F5CB89FB-337B-4F42-AAD5-A9DF8FED1E4D} = {969730AA-C677-4112-9893-CA1C1A4E8895}
		{75663FB2-975A-4D29-816B-5750E61891DC} = {D4C723FC-550D-4777-8559-165FFC379049}
		{8A392933-8119-4F02-80FA-CFAFD9F155D2} = {D4C723FC-550D-4777-8559-165FFC379049}
		{A7FEC5EA-31D4-45E8-9C3A-3F461AFD9279} = {D4C723FC-550D-4777-8559-165FFC379049}
		{A30B1F52-719D-4F66-BB4A-0D0E38002EC9} = {D4C723FC-550D-4777-8559-165FFC379049}
		{20EBD715-2C6F-4FDD-BA01-AC22803BAE0F} = {D4C723FC-550D-4777-8559-165FFC379049}
		{D7A7A48F-2A13-4CA4-A11D-B06EB30B4439} = {A87BC855-C41E-43F9-9A89-8EF3C8BB938D}
		{73DAB28E-EC91-469B-904E-9EC8123D155F} = {E025DEED-3EEF-4F0B-BB37-AC445F1326D9}
	EndGlobalSection
EndGlobal
